
Microsoft Visual Studio Solution File, Format Version 12.00
# Visual Studio 15
VisualStudioVersion = 15.0.27130.2036
MinimumVisualStudioVersion = 10.0.40219.1
Project("{FAE04EC0-301F-11D3-BF4B-00C04F79EFBC}") = "Biblioteca", "Biblioteca\Biblioteca.csproj", "{38828CC4-6BA7-4198-9D1C-71B23C23097E}"
EndProject
Project("{FAE04EC0-301F-11D3-BF4B-00C04F79EFBC}") = "ClienteForms", "ClienteForms\ClienteForms.csproj", "{CD8A0EE5-BA83-4A77-9ACE-3A97A7E3DD0D}"
EndProject
Project("{FAE04EC0-301F-11D3-BF4B-00C04F79EFBC}") = "TesteConexao", "TesteConexao\TesteConexao.csproj", "{3CB2E1D9-D516-4596-8D46-3FFD73EF022F}"
EndProject
Project("{FAE04EC0-301F-11D3-BF4B-00C04F79EFBC}") = "WebService", "WebService\WebService.csproj", "{E860D9A5-3B4B-47F5-B659-C42A8566578E}"
EndProject
Global
	GlobalSection(SolutionConfigurationPlatforms) = preSolution
		Debug|Any CPU = Debug|Any CPU
		Release|Any CPU = Release|Any CPU
	EndGlobalSection
	GlobalSection(ProjectConfigurationPlatforms) = postSolution
		{38828CC4-6BA7-4198-9D1C-71B23C23097E}.Debug|Any CPU.ActiveCfg = Debug|Any CPU
		{38828CC4-6BA7-4198-9D1C-71B23C23097E}.Debug|Any CPU.Build.0 = Debug|Any CPU
		{38828CC4-6BA7-4198-9D1C-71B23C23097E}.Release|Any CPU.ActiveCfg = Release|Any CPU
		{38828CC4-6BA7-4198-9D1C-71B23C23097E}.Release|Any CPU.Build.0 = Release|Any CPU
		{CD8A0EE5-BA83-4A77-9ACE-3A97A7E3DD0D}.Debug|Any CPU.ActiveCfg = Debug|Any CPU
		{CD8A0EE5-BA83-4A77-9ACE-3A97A7E3DD0D}.Debug|Any CPU.Build.0 = Debug|Any CPU
		{CD8A0EE5-BA83-4A77-9ACE-3A97A7E3DD0D}.Release|Any CPU.ActiveCfg = Release|Any CPU
		{CD8A0EE5-BA83-4A77-9ACE-3A97A7E3DD0D}.Release|Any CPU.Build.0 = Release|Any CPU
		{3CB2E1D9-D516-4596-8D46-3FFD73EF022F}.Debug|Any CPU.ActiveCfg = Debug|Any CPU
		{3CB2E1D9-D516-4596-8D46-3FFD73EF022F}.Debug|Any CPU.Build.0 = Debug|Any CPU
		{3CB2E1D9-D516-4596-8D46-3FFD73EF022F}.Release|Any CPU.ActiveCfg = Release|Any CPU
		{3CB2E1D9-D516-4596-8D46-3FFD73EF022F}.Release|Any CPU.Build.0 = Release|Any CPU
		{E860D9A5-3B4B-47F5-B659-C42A8566578E}.Debug|Any CPU.ActiveCfg = Debug|Any CPU
		{E860D9A5-3B4B-47F5-B659-C42A8566578E}.Debug|Any CPU.Build.0 = Debug|Any CPU
		{E860D9A5-3B4B-47F5-B659-C42A8566578E}.Release|Any CPU.ActiveCfg = Release|Any CPU
		{E860D9A5-3B4B-47F5-B659-C42A8566578E}.Release|Any CPU.Build.0 = Release|Any CPU
	EndGlobalSection
	GlobalSection(SolutionProperties) = preSolution
		HideSolutionNode = FALSE
	EndGlobalSection
	GlobalSection(ExtensibilityGlobals) = postSolution
		SolutionGuid = {321C17E8-7333-4963-A167-D7CE41CB4AC7}
	EndGlobalSection
EndGlobal
